// !$*UTF8*$!
{
	archiveVersion = 1;
	classes = {
	};
	objectVersion = 50;
	objects = {

/* Begin PBXBuildFile section */
		400F5BA3CC4B37746ADB02B4 /* Pods_Crashlytics_Test.framework in Frameworks */ = {isa = PBXBuildFile; fileRef = 0F3A3550E86F9A277DDF5F3E /* Pods_Crashlytics_Test.framework */; };
		64177AA321901168008DBAFB /* AppDelegate.swift in Sources */ = {isa = PBXBuildFile; fileRef = 64177AA221901168008DBAFB /* AppDelegate.swift */; };
		64177AA521901168008DBAFB /* ViewController.swift in Sources */ = {isa = PBXBuildFile; fileRef = 64177AA421901168008DBAFB /* ViewController.swift */; };
		64177AA821901168008DBAFB /* Main.storyboard in Resources */ = {isa = PBXBuildFile; fileRef = 64177AA621901168008DBAFB /* Main.storyboard */; };
		64177AAA21901169008DBAFB /* Assets.xcassets in Resources */ = {isa = PBXBuildFile; fileRef = 64177AA921901169008DBAFB /* Assets.xcassets */; };
		64177AAD21901169008DBAFB /* LaunchScreen.storyboard in Resources */ = {isa = PBXBuildFile; fileRef = 64177AAB21901169008DBAFB /* LaunchScreen.storyboard */; };
		64177AB521901354008DBAFB /* GoogleService-Info.plist in Resources */ = {isa = PBXBuildFile; fileRef = 64177AB421901354008DBAFB /* GoogleService-Info.plist */; };
/* End PBXBuildFile section */

/* Begin PBXFileReference section */
		0F3A3550E86F9A277DDF5F3E /* Pods_Crashlytics_Test.framework */ = {isa = PBXFileReference; explicitFileType = wrapper.framework; includeInIndex = 0; path = Pods_Crashlytics_Test.framework; sourceTree = BUILT_PRODUCTS_DIR; };
		51CE74ECA83918C1A51136F7 /* Pods-Crashlytics Test.debug.xcconfig */ = {isa = PBXFileReference; includeInIndex = 1; lastKnownFileType = text.xcconfig; name = "Pods-Crashlytics Test.debug.xcconfig"; path = "Pods/Target Support Files/Pods-Crashlytics Test/Pods-Crashlytics Test.debug.xcconfig"; sourceTree = "<group>"; };
		64177A9F21901168008DBAFB /* Crashlytics Test.app */ = {isa = PBXFileReference; explicitFileType = wrapper.application; includeInIndex = 0; path = "Crashlytics Test.app"; sourceTree = BUILT_PRODUCTS_DIR; };
		64177AA221901168008DBAFB /* AppDelegate.swift */ = {isa = PBXFileReference; lastKnownFileType = sourcecode.swift; path = AppDelegate.swift; sourceTree = "<group>"; };
		64177AA421901168008DBAFB /* ViewController.swift */ = {isa = PBXFileReference; lastKnownFileType = sourcecode.swift; path = ViewController.swift; sourceTree = "<group>"; };
		64177AA721901168008DBAFB /* Base */ = {isa = PBXFileReference; lastKnownFileType = file.storyboard; name = Base; path = Base.lproj/Main.storyboard; sourceTree = "<group>"; };
		64177AA921901169008DBAFB /* Assets.xcassets */ = {isa = PBXFileReference; lastKnownFileType = folder.assetcatalog; path = Assets.xcassets; sourceTree = "<group>"; };
		64177AAC21901169008DBAFB /* Base */ = {isa = PBXFileReference; lastKnownFileType = file.storyboard; name = Base; path = Base.lproj/LaunchScreen.storyboard; sourceTree = "<group>"; };
		64177AAE21901169008DBAFB /* Info.plist */ = {isa = PBXFileReference; lastKnownFileType = text.plist.xml; path = Info.plist; sourceTree = "<group>"; };
		64177AB421901354008DBAFB /* GoogleService-Info.plist */ = {isa = PBXFileReference; fileEncoding = 4; lastKnownFileType = text.plist.xml; path = "GoogleService-Info.plist"; sourceTree = "<group>"; };
		93570FF5DC26FC9201285A48 /* Pods-Crashlytics Test.release.xcconfig */ = {isa = PBXFileReference; includeInIndex = 1; lastKnownFileType = text.xcconfig; name = "Pods-Crashlytics Test.release.xcconfig"; path = "Pods/Target Support Files/Pods-Crashlytics Test/Pods-Crashlytics Test.release.xcconfig"; sourceTree = "<group>"; };
/* End PBXFileReference section */

/* Begin PBXFrameworksBuildPhase section */
		64177A9C21901167008DBAFB /* Frameworks */ = {
			isa = PBXFrameworksBuildPhase;
			buildActionMask = 2147483647;
			files = (
				400F5BA3CC4B37746ADB02B4 /* Pods_Crashlytics_Test.framework in Frameworks */,
			);
			runOnlyForDeploymentPostprocessing = 0;
		};
/* End PBXFrameworksBuildPhase section */

/* Begin PBXGroup section */
		3C7FE7AE011DF7FD575C02ED /* Pods */ = {
			isa = PBXGroup;
			children = (
				51CE74ECA83918C1A51136F7 /* Pods-Crashlytics Test.debug.xcconfig */,
				93570FF5DC26FC9201285A48 /* Pods-Crashlytics Test.release.xcconfig */,
			);
			name = Pods;
			sourceTree = "<group>";
		};
		577246F5DE97146825D87B0A /* Frameworks */ = {
			isa = PBXGroup;
			children = (
				0F3A3550E86F9A277DDF5F3E /* Pods_Crashlytics_Test.framework */,
			);
			name = Frameworks;
			sourceTree = "<group>";
		};
		64177A9621901167008DBAFB = {
			isa = PBXGroup;
			children = (
				64177AA121901168008DBAFB /* Crashlytics Test */,
				64177AA021901168008DBAFB /* Products */,
				3C7FE7AE011DF7FD575C02ED /* Pods */,
				577246F5DE97146825D87B0A /* Frameworks */,
			);
			sourceTree = "<group>";
		};
		64177AA021901168008DBAFB /* Products */ = {
			isa = PBXGroup;
			children = (
				64177A9F21901168008DBAFB /* Crashlytics Test.app */,
			);
			name = Products;
			sourceTree = "<group>";
		};
		64177AA121901168008DBAFB /* Crashlytics Test */ = {
			isa = PBXGroup;
			children = (
				64177AA221901168008DBAFB /* AppDelegate.swift */,
				64177AA421901168008DBAFB /* ViewController.swift */,
				64177AA621901168008DBAFB /* Main.storyboard */,
				64177AA921901169008DBAFB /* Assets.xcassets */,
				64177AAB21901169008DBAFB /* LaunchScreen.storyboard */,
				64177AB421901354008DBAFB /* GoogleService-Info.plist */,
				64177AAE21901169008DBAFB /* Info.plist */,
			);
			path = "Crashlytics Test";
			sourceTree = "<group>";
		};
/* End PBXGroup section */

/* Begin PBXNativeTarget section */
		64177A9E21901167008DBAFB /* Crashlytics Test */ = {
			isa = PBXNativeTarget;
			buildConfigurationList = 64177AB121901169008DBAFB /* Build configuration list for PBXNativeTarget "Crashlytics Test" */;
			buildPhases = (
				D1B0A6C1F15F1185A7CC7074 /* [CP] Check Pods Manifest.lock */,
				64177A9B21901167008DBAFB /* Sources */,
				64177A9C21901167008DBAFB /* Frameworks */,
				64177A9D21901167008DBAFB /* Resources */,
				9E927B555D3F3006B2E940D5 /* [CP] Embed Pods Frameworks */,
				64177AB621901427008DBAFB /* ShellScript */,
			);
			buildRules = (
			);
			dependencies = (
			);
			name = "Crashlytics Test";
			productName = "Crashlytics Test";
			productReference = 64177A9F21901168008DBAFB /* Crashlytics Test.app */;
			productType = "com.apple.product-type.application";
		};
/* End PBXNativeTarget section */

/* Begin PBXProject section */
		64177A9721901167008DBAFB /* Project object */ = {
			isa = PBXProject;
			attributes = {
				LastSwiftUpdateCheck = 1000;
				LastUpgradeCheck = 1000;
				ORGANIZATIONNAME = "Barelogics-Employee3";
				TargetAttributes = {
					64177A9E21901167008DBAFB = {
						CreatedOnToolsVersion = 10.0;
					};
				};
			};
			buildConfigurationList = 64177A9A21901167008DBAFB /* Build configuration list for PBXProject "Crashlytics Test" */;
			compatibilityVersion = "Xcode 9.3";
			developmentRegion = en;
			hasScannedForEncodings = 0;
			knownRegions = (
				en,
				Base,
			);
			mainGroup = 64177A9621901167008DBAFB;
			productRefGroup = 64177AA021901168008DBAFB /* Products */;
			projectDirPath = "";
			projectRoot = "";
			targets = (
				64177A9E21901167008DBAFB /* Crashlytics Test */,
			);
		};
/* End PBXProject section */

/* Begin PBXResourcesBuildPhase section */
		64177A9D21901167008DBAFB /* Resources */ = {
			isa = PBXResourcesBuildPhase;
			buildActionMask = 2147483647;
			files = (
				64177AAD21901169008DBAFB /* LaunchScreen.storyboard in Resources */,
				64177AB521901354008DBAFB /* GoogleService-Info.plist in Resources */,
				64177AAA21901169008DBAFB /* Assets.xcassets in Resources */,
				64177AA821901168008DBAFB /* Main.storyboard in Resources */,
			);
			runOnlyForDeploymentPostprocessing = 0;
		};
/* End PBXResourcesBuildPhase section */

/* Begin PBXShellScriptBuildPhase section */
		64177AB621901427008DBAFB /* ShellScript */ = {
			isa = PBXShellScriptBuildPhase;
			buildActionMask = 2147483647;
			files = (
			);
			inputFileListPaths = (
			);
			inputPaths = (
			);
			outputFileListPaths = (
			);
			outputPaths = (
			);
			runOnlyForDeploymentPostprocessing = 0;
			shellPath = /bin/sh;
			shellScript = "\"${PODS_ROOT}/Fabric/run\"\n";
		};
		9E927B555D3F3006B2E940D5 /* [CP] Embed Pods Frameworks */ = {
			isa = PBXShellScriptBuildPhase;
			buildActionMask = 2147483647;
			files = (
			);
			inputFileListPaths = (
			);
			inputPaths = (
				"${SRCROOT}/Pods/Target Support Files/Pods-Crashlytics Test/Pods-Crashlytics Test-frameworks.sh",
				"${BUILT_PRODUCTS_DIR}/GoogleUtilities/GoogleUtilities.framework",
				"${BUILT_PRODUCTS_DIR}/nanopb/nanopb.framework",
			);
			name = "[CP] Embed Pods Frameworks";
			outputFileListPaths = (
			);
			outputPaths = (
				"${TARGET_BUILD_DIR}/${FRAMEWORKS_FOLDER_PATH}/GoogleUtilities.framework",
				"${TARGET_BUILD_DIR}/${FRAMEWORKS_FOLDER_PATH}/nanopb.framework",
			);
			runOnlyForDeploymentPostprocessing = 0;
			shellPath = /bin/sh;
			shellScript = "\"${SRCROOT}/Pods/Target Support Files/Pods-Crashlytics Test/Pods-Crashlytics Test-frameworks.sh\"\n";
			showEnvVarsInLog = 0;
		};
		D1B0A6C1F15F1185A7CC7074 /* [CP] Check Pods Manifest.lock */ = {
			isa = PBXShellScriptBuildPhase;
			buildActionMask = 2147483647;
			files = (
			);
			inputFileListPaths = (
			);
			inputPaths = (
				"${PODS_PODFILE_DIR_PATH}/Podfile.lock",
				"${PODS_ROOT}/Manifest.lock",
			);
			name = "[CP] Check Pods Manifest.lock";
			outputFileListPaths = (
			);
			outputPaths = (
				"$(DERIVED_FILE_DIR)/Pods-Crashlytics Test-checkManifestLockResult.txt",
			);
			runOnlyForDeploymentPostprocessing = 0;
			shellPath = /bin/sh;
			shellScript = "diff \"${PODS_PODFILE_DIR_PATH}/Podfile.lock\" \"${PODS_ROOT}/Manifest.lock\" > /dev/null\nif [ $? != 0 ] ; then\n    # print error to STDERR\n    echo \"error: The sandbox is not in sync with the Podfile.lock. Run 'pod install' or update your CocoaPods installation.\" >&2\n    exit 1\nfi\n# This output is used by Xcode 'outputs' to avoid re-running this script phase.\necho \"SUCCESS\" > \"${SCRIPT_OUTPUT_FILE_0}\"\n";
			showEnvVarsInLog = 0;
		};
/* End PBXShellScriptBuildPhase section */

/* Begin PBXSourcesBuildPhase section */
		64177A9B21901167008DBAFB /* Sources */ = {
			isa = PBXSourcesBuildPhase;
			buildActionMask = 2147483647;
			files = (
				64177AA521901168008DBAFB /* ViewController.swift in Sources */,
				64177AA321901168008DBAFB /* AppDelegate.swift in Sources */,
			);
			runOnlyForDeploymentPostprocessing = 0;
		};
/* End PBXSourcesBuildPhase section */

/* Begin PBXVariantGroup section */
		64177AA621901168008DBAFB /* Main.storyboard */ = {
			isa = PBXVariantGroup;
			children = (
				64177AA721901168008DBAFB /* Base */,
			);
			name = Main.storyboard;
			sourceTree = "<group>";
		};
		64177AAB21901169008DBAFB /* LaunchScreen.storyboard */ = {
			isa = PBXVariantGroup;
			children = (
				64177AAC21901169008DBAFB /* Base */,
			);
			name = LaunchScreen.storyboard;
			sourceTree = "<group>";
		};
/* End PBXVariantGroup section */

/* Begin XCBuildConfiguration section */
		64177AAF21901169008DBAFB /* Debug */ = {
			isa = XCBuildConfiguration;
			buildSettings = {
				ALWAYS_SEARCH_USER_PATHS = NO;
				CLANG_ANALYZER_NONNULL = YES;
				CLANG_ANALYZER_NUMBER_OBJECT_CONVERSION = YES_AGGRESSIVE;
				CLANG_CXX_LANGUAGE_STANDARD = "gnu++14";
				CLANG_CXX_LIBRARY = "libc++";
				CLANG_ENABLE_MODULES = YES;
				CLANG_ENABLE_OBJC_ARC = YES;
				CLANG_ENABLE_OBJC_WEAK = YES;
				CLANG_WARN_BLOCK_CAPTURE_AUTORELEASING = YES;
				CLANG_WARN_BOOL_CONVERSION = YES;
				CLANG_WARN_COMMA = YES;
				CLANG_WARN_CONSTANT_CONVERSION = YES;
				CLANG_WARN_DEPRECATED_OBJC_IMPLEMENTATIONS = YES;
				CLANG_WARN_DIRECT_OBJC_ISA_USAGE = YES_ERROR;
				CLANG_WARN_DOCUMENTATION_COMMENTS = YES;
				CLANG_WARN_EMPTY_BODY = YES;
				CLANG_WARN_ENUM_CONVERSION = YES;
				CLANG_WARN_INFINITE_RECURSION = YES;
				CLANG_WARN_INT_CONVERSION = YES;
				CLANG_WARN_NON_LITERAL_NULL_CONVERSION = YES;
				CLANG_WARN_OBJC_IMPLICIT_RETAIN_SELF = YES;
				CLANG_WARN_OBJC_LITERAL_CONVERSION = YES;
				CLANG_WARN_OBJC_ROOT_CLASS = YES_ERROR;
				CLANG_WARN_RANGE_LOOP_ANALYSIS = YES;
				CLANG_WARN_STRICT_PROTOTYPES = YES;
				CLANG_WARN_SUSPICIOUS_MOVE = YES;
				CLANG_WARN_UNGUARDED_AVAILABILITY = YES_AGGRESSIVE;
				CLANG_WARN_UNREACHABLE_CODE = YES;
				CLANG_WARN__DUPLICATE_METHOD_MATCH = YES;
				CODE_SIGN_IDENTITY = "iPhone Developer";
				COPY_PHASE_STRIP = NO;
				DEBUG_INFORMATION_FORMAT = dwarf;
				ENABLE_STRICT_OBJC_MSGSEND = YES;
				ENABLE_TESTABILITY = YES;
				GCC_C_LANGUAGE_STANDARD = gnu11;
				GCC_DYNAMIC_NO_PIC = NO;
				GCC_NO_COMMON_BLOCKS = YES;
				GCC_OPTIMIZATION_LEVEL = 0;
				GCC_PREPROCESSOR_DEFINITIONS = (
					"DEBUG=1",
					"$(inherited)",
				);
				GCC_WARN_64_TO_32_BIT_CONVERSION = YES;
				GCC_WARN_ABOUT_RETURN_TYPE = YES_ERROR;
				GCC_WARN_UNDECLARED_SELECTOR = YES;
				GCC_WARN_UNINITIALIZED_AUTOS = YES_AGGRESSIVE;
				GCC_WARN_UNUSED_FUNCTION = YES;
				GCC_WARN_UNUSED_VARIABLE = YES;
				IPHONEOS_DEPLOYMENT_TARGET = 12.0;
				MTL_ENABLE_DEBUG_INFO = INCLUDE_SOURCE;
				MTL_FAST_MATH = YES;
				ONLY_ACTIVE_ARCH = YES;
				SDKROOT = iphoneos;
				SWIFT_ACTIVE_COMPILATION_CONDITIONS = DEBUG;
				SWIFT_OPTIMIZATION_LEVEL = "-Onone";
			};
			name = Debug;
		};
		64177AB021901169008DBAFB /* Release */ = {
			isa = XCBuildConfiguration;
			buildSettings = {
				ALWAYS_SEARCH_USER_PATHS = NO;
				CLANG_ANALYZER_NONNULL = YES;
				CLANG_ANALYZER_NUMBER_OBJECT_CONVERSION = YES_AGGRESSIVE;
				CLANG_CXX_LANGUAGE_STANDARD = "gnu++14";
				CLANG_CXX_LIBRARY = "libc++";
				CLANG_ENABLE_MODULES = YES;
				CLANG_ENABLE_OBJC_ARC = YES;
				CLANG_ENABLE_OBJC_WEAK = YES;
				CLANG_WARN_BLOCK_CAPTURE_AUTORELEASING = YES;
				CLANG_WARN_BOOL_CONVERSION = YES;
				CLANG_WARN_COMMA = YES;
				CLANG_WARN_CONSTANT_CONVERSION = YES;
				CLANG_WARN_DEPRECATED_OBJC_IMPLEMENTATIONS = YES;
				CLANG_WARN_DIRECT_OBJC_ISA_USAGE = YES_ERROR;
				CLANG_WARN_DOCUMENTATION_COMMENTS = YES;
				CLANG_WARN_EMPTY_BODY = YES;
				CLANG_WARN_ENUM_CONVERSION = YES;
				CLANG_WARN_INFINITE_RECURSION = YES;
				CLANG_WARN_INT_CONVERSION = YES;
				CLANG_WARN_NON_LITERAL_NULL_CONVERSION = YES;
				CLANG_WARN_OBJC_IMPLICIT_RETAIN_SELF = YES;
				CLANG_WARN_OBJC_LITERAL_CONVERSION = YES;
				CLANG_WARN_OBJC_ROOT_CLASS = YES_ERROR;
				CLANG_WARN_RANGE_LOOP_ANALYSIS = YES;
				CLANG_WARN_STRICT_PROTOTYPES = YES;
				CLANG_WARN_SUSPICIOUS_MOVE = YES;
				CLANG_WARN_UNGUARDED_AVAILABILITY = YES_AGGRESSIVE;
				CLANG_WARN_UNREACHABLE_CODE = YES;
				CLANG_WARN__DUPLICATE_METHOD_MATCH = YES;
				CODE_SIGN_IDENTITY = "iPhone Developer";
				COPY_PHASE_STRIP = NO;
				DEBUG_INFORMATION_FORMAT = "dwarf-with-dsym";
				ENABLE_NS_ASSERTIONS = NO;
				ENABLE_STRICT_OBJC_MSGSEND = YES;
				GCC_C_LANGUAGE_STANDARD = gnu11;
				GCC_NO_COMMON_BLOCKS = YES;
				GCC_WARN_64_TO_32_BIT_CONVERSION = YES;
				GCC_WARN_ABOUT_RETURN_TYPE = YES_ERROR;
				GCC_WARN_UNDECLARED_SELECTOR = YES;
				GCC_WARN_UNINITIALIZED_AUTOS = YES_AGGRESSIVE;
				GCC_WARN_UNUSED_FUNCTION = YES;
				GCC_WARN_UNUSED_VARIABLE = YES;
				IPHONEOS_DEPLOYMENT_TARGET = 12.0;
				MTL_ENABLE_DEBUG_INFO = NO;
				MTL_FAST_MATH = YES;
				SDKROOT = iphoneos;
				SWIFT_COMPILATION_MODE = wholemodule;
				SWIFT_OPTIMIZATION_LEVEL = "-O";
				VALIDATE_PRODUCT = YES;
			};
			name = Release;
		};
		64177AB221901169008DBAFB /* Debug */ = {
			isa = XCBuildConfiguration;
			baseConfigurationReference = 51CE74ECA83918C1A51136F7 /* Pods-Crashlytics Test.debug.xcconfig */;
			buildSettings = {
				ASSETCATALOG_COMPILER_APPICON_NAME = AppIcon;
				CODE_SIGN_STYLE = Automatic;
				DEBUG_INFORMATION_FORMAT = "dwarf-with-dsym";
				INFOPLIST_FILE = "Crashlytics Test/Info.plist";
				LD_RUNPATH_SEARCH_PATHS = (
					"$(inherited)",
					"@executable_path/Frameworks",
				);
				PRODUCT_BUNDLE_IDENTIFIER = "Sivateja.Crashlytics-Test";
				PRODUCT_NAME = "$(TARGET_NAME)";
				SWIFT_VERSION = 4.2;
				TARGETED_DEVICE_FAMILY = "1,2";
			};
			name = Debug;
		};
		64177AB321901169008DBAFB /* Release */ = {
			isa = XCBuildConfiguration;
			baseConfigurationReference = 93570FF5DC26FC9201285A48 /* Pods-Crashlytics Test.release.xcconfig */;
			buildSettings = {
				ASSETCATALOG_COMPILER_APPICON_NAME = AppIcon;
				CODE_SIGN_STYLE = Automatic;
				INFOPLIST_FILE = "Crashlytics Test/Info.plist";
				LD_RUNPATH_SEARCH_PATHS = (
					"$(inherited)",
					"@executable_path/Frameworks",
				);
				PRODUCT_BUNDLE_IDENTIFIER = "Sivateja.Crashlytics-Test";
				PRODUCT_NAME = "$(TARGET_NAME)";
				SWIFT_VERSION = 4.2;
				TARGETED_DEVICE_FAMILY = "1,2";
			};
			name = Release;
		};
/* End XCBuildConfiguration section */

/* Begin XCConfigurationList section */
		64177A9A21901167008DBAFB /* Build configuration list for PBXProject "Crashlytics Test" */ = {
			isa = XCConfigurationList;
			buildConfigurations = (
				64177AAF21901169008DBAFB /* Debug */,
				64177AB021901169008DBAFB /* Release */,
			);
			defaultConfigurationIsVisible = 0;
			defaultConfigurationName = Release;
		};
		64177AB121901169008DBAFB /* Build configuration list for PBXNativeTarget "Crashlytics Test" */ = {
			isa = XCConfigurationList;
			buildConfigurations = (
				64177AB221901169008DBAFB /* Debug */,
				64177AB321901169008DBAFB /* Release */,
			);
			defaultConfigurationIsVisible = 0;
			defaultConfigurationName = Release;
		};
/* End XCConfigurationList section */
	};
	rootObject = 64177A9721901167008DBAFB /* Project object */;
}
